
Microsoft Visual Studio Solution File, Format Version 12.00
# Visual Studio Version 17
VisualStudioVersion = 17.1.32414.318
MinimumVisualStudioVersion = 10.0.40219.1
Project("{2150E333-8FDC-42A3-9474-1A3956D46DE8}") = "Game", "Game", "{E32B4120-287E-46CE-9D7D-C93B79151E1A}"
EndProject
Project("{2150E333-8FDC-42A3-9474-1A3956D46DE8}") = "Zone", "Zone", "{B3376E5C-0680-41CA-BFDA-75F6B0369F6A}"
EndProject
Project("{2150E333-8FDC-42A3-9474-1A3956D46DE8}") = "Datastore", "Datastore", "{9FCB37A7-4793-4F69-B4DA-DDB0080FE908}"
EndProject
Project("{2150E333-8FDC-42A3-9474-1A3956D46DE8}") = "Authorization", "Authorization", "{B9735E69-EA29-4AA5-9502-DF37FEA6512A}"
EndProject
Project("{2150E333-8FDC-42A3-9474-1A3956D46DE8}") = "Common", "Common", "{872C4165-A127-45E5-A2D0-6E98BB1D852C}"
EndProject
Project("{9A19103F-16F7-4668-BE54-9A1E7A4F7556}") = "Common.Startup", "Common\Common.Startup\Common.Startup.csproj", "{09F91165-95EC-4873-8369-3FC290205EAF}"
EndProject
Project("{2150E333-8FDC-42A3-9474-1A3956D46DE8}") = "World", "World", "{2C0BA23A-4D29-4650-A3F4-07792A115BBC}"
EndProject
Project("{9A19103F-16F7-4668-BE54-9A1E7A4F7556}") = "Common.Core", "Common\Common.Core\Common.Core.csproj", "{C0EC742A-90AE-4EE6-AE99-34AA7A04DE0E}"
EndProject
Project("{9A19103F-16F7-4668-BE54-9A1E7A4F7556}") = "Authorization.EntryPoint", "Authorization\Authorization.EntryPoint\Authorization.EntryPoint.csproj", "{34568DB3-9FB2-439A-B731-3DEA7CA9D02C}"
EndProject
Project("{9A19103F-16F7-4668-BE54-9A1E7A4F7556}") = "Common.Api", "Common\Common.Api\Common.Api.csproj", "{6742E863-FFB5-44D5-935F-7170C06CDC5F}"
EndProject
Project("{9A19103F-16F7-4668-BE54-9A1E7A4F7556}") = "Common.S2SCommunication", "Common\Common.S2SCommunication\Common.S2SCommunication.csproj", "{EE7C5A2C-6368-4118-B06D-2AC05E1DCEB0}"
EndProject
Project("{9A19103F-16F7-4668-BE54-9A1E7A4F7556}") = "Common.Contracts", "Common\Common.Contracts\Common.Contracts.csproj", "{8FDA7A8D-1690-473F-865A-1B8C33B6E0A0}"
EndProject
Project("{9A19103F-16F7-4668-BE54-9A1E7A4F7556}") = "Authorization.Contracts", "Authorization\Authorization.Contracts\Authorization.Contracts.csproj", "{DBA3E239-AECF-49AB-8261-E74F59C8AF93}"
EndProject
Project("{9A19103F-16F7-4668-BE54-9A1E7A4F7556}") = "Datastore.Contracts", "Datastore\Datastore.Contracts\Datastore.Contracts.csproj", "{8F42A863-0DA5-4826-A7F0-86B4348D728C}"
EndProject
Project("{9A19103F-16F7-4668-BE54-9A1E7A4F7556}") = "Datastore.EntryPoint", "Datastore\Datastore.EntryPoint\Datastore.EntryPoint.csproj", "{C5978AD6-94F5-4B7B-AC51-B1840B43071E}"
EndProject
Project("{9A19103F-16F7-4668-BE54-9A1E7A4F7556}") = "Game.Contracts", "Game\Game.Contracts\Game.Contracts.csproj", "{BCDA8A29-EB50-4166-A6A0-B8686B2735D0}"
EndProject
Project("{9A19103F-16F7-4668-BE54-9A1E7A4F7556}") = "Game.EntryPoint", "Game\Game.EntryPoint\Game.EntryPoint.csproj", "{047B7CC3-35D3-4CA7-8406-DDFCE1636E17}"
EndProject
Project("{9A19103F-16F7-4668-BE54-9A1E7A4F7556}") = "World.Contracts", "World\World.Contracts\World.Contracts.csproj", "{81C2CB73-2BEF-4147-B8D7-FEEA416EDCBE}"
EndProject
Project("{9A19103F-16F7-4668-BE54-9A1E7A4F7556}") = "World.EntryPoint", "World\World.EntryPoint\World.EntryPoint.csproj", "{CB87A764-83BA-462B-BE84-E17C8904E72B}"
EndProject
Project("{9A19103F-16F7-4668-BE54-9A1E7A4F7556}") = "Zone.Contracts", "Zone\Zone.Contracts\Zone.Contracts.csproj", "{960EC0F3-1423-437E-998C-9D64FE48FE6B}"
EndProject
Project("{9A19103F-16F7-4668-BE54-9A1E7A4F7556}") = "Zone.EntryPoint", "Zone\Zone.EntryPoint\Zone.EntryPoint.csproj", "{C848DAD3-15CD-4B6A-84F2-B1F060293BEA}"
EndProject
Project("{9A19103F-16F7-4668-BE54-9A1E7A4F7556}") = "Common.Mathematics", "Common\Common.Mathematics\Common.Mathematics.csproj", "{400F707C-81A7-40F1-AADE-94530F7A78CE}"
EndProject
Project("{9A19103F-16F7-4668-BE54-9A1E7A4F7556}") = "Authorization.Services", "Authorization\Authorization.Services\Authorization.Services.csproj", "{4A47B47F-9BD8-451C-96FA-CC4F0AE8D0E5}"
EndProject
Project("{FAE04EC0-301F-11D3-BF4B-00C04F79EFBC}") = "Datastore.Services", "Datastore\Datastore.Services\Datastore.Services.csproj", "{C144AE09-471E-4126-8CC7-9799CF844E2F}"
EndProject
Global
	GlobalSection(SolutionConfigurationPlatforms) = preSolution
		Debug|Any CPU = Debug|Any CPU
		Release|Any CPU = Release|Any CPU
	EndGlobalSection
	GlobalSection(ProjectConfigurationPlatforms) = postSolution
		{09F91165-95EC-4873-8369-3FC290205EAF}.Debug|Any CPU.ActiveCfg = Debug|Any CPU
		{09F91165-95EC-4873-8369-3FC290205EAF}.Debug|Any CPU.Build.0 = Debug|Any CPU
		{09F91165-95EC-4873-8369-3FC290205EAF}.Release|Any CPU.ActiveCfg = Release|Any CPU
		{09F91165-95EC-4873-8369-3FC290205EAF}.Release|Any CPU.Build.0 = Release|Any CPU
		{C0EC742A-90AE-4EE6-AE99-34AA7A04DE0E}.Debug|Any CPU.ActiveCfg = Debug|Any CPU
		{C0EC742A-90AE-4EE6-AE99-34AA7A04DE0E}.Debug|Any CPU.Build.0 = Debug|Any CPU
		{C0EC742A-90AE-4EE6-AE99-34AA7A04DE0E}.Release|Any CPU.ActiveCfg = Release|Any CPU
		{C0EC742A-90AE-4EE6-AE99-34AA7A04DE0E}.Release|Any CPU.Build.0 = Release|Any CPU
		{34568DB3-9FB2-439A-B731-3DEA7CA9D02C}.Debug|Any CPU.ActiveCfg = Debug|Any CPU
		{34568DB3-9FB2-439A-B731-3DEA7CA9D02C}.Debug|Any CPU.Build.0 = Debug|Any CPU
		{34568DB3-9FB2-439A-B731-3DEA7CA9D02C}.Release|Any CPU.ActiveCfg = Release|Any CPU
		{34568DB3-9FB2-439A-B731-3DEA7CA9D02C}.Release|Any CPU.Build.0 = Release|Any CPU
		{6742E863-FFB5-44D5-935F-7170C06CDC5F}.Debug|Any CPU.ActiveCfg = Debug|Any CPU
		{6742E863-FFB5-44D5-935F-7170C06CDC5F}.Debug|Any CPU.Build.0 = Debug|Any CPU
		{6742E863-FFB5-44D5-935F-7170C06CDC5F}.Release|Any CPU.ActiveCfg = Release|Any CPU
		{6742E863-FFB5-44D5-935F-7170C06CDC5F}.Release|Any CPU.Build.0 = Release|Any CPU
		{EE7C5A2C-6368-4118-B06D-2AC05E1DCEB0}.Debug|Any CPU.ActiveCfg = Debug|Any CPU
		{EE7C5A2C-6368-4118-B06D-2AC05E1DCEB0}.Debug|Any CPU.Build.0 = Debug|Any CPU
		{EE7C5A2C-6368-4118-B06D-2AC05E1DCEB0}.Release|Any CPU.ActiveCfg = Release|Any CPU
		{EE7C5A2C-6368-4118-B06D-2AC05E1DCEB0}.Release|Any CPU.Build.0 = Release|Any CPU
		{8FDA7A8D-1690-473F-865A-1B8C33B6E0A0}.Debug|Any CPU.ActiveCfg = Debug|Any CPU
		{8FDA7A8D-1690-473F-865A-1B8C33B6E0A0}.Debug|Any CPU.Build.0 = Debug|Any CPU
		{8FDA7A8D-1690-473F-865A-1B8C33B6E0A0}.Release|Any CPU.ActiveCfg = Release|Any CPU
		{8FDA7A8D-1690-473F-865A-1B8C33B6E0A0}.Release|Any CPU.Build.0 = Release|Any CPU
		{DBA3E239-AECF-49AB-8261-E74F59C8AF93}.Debug|Any CPU.ActiveCfg = Debug|Any CPU
		{DBA3E239-AECF-49AB-8261-E74F59C8AF93}.Debug|Any CPU.Build.0 = Debug|Any CPU
		{DBA3E239-AECF-49AB-8261-E74F59C8AF93}.Release|Any CPU.ActiveCfg = Release|Any CPU
		{DBA3E239-AECF-49AB-8261-E74F59C8AF93}.Release|Any CPU.Build.0 = Release|Any CPU
		{8F42A863-0DA5-4826-A7F0-86B4348D728C}.Debug|Any CPU.ActiveCfg = Debug|Any CPU
		{8F42A863-0DA5-4826-A7F0-86B4348D728C}.Debug|Any CPU.Build.0 = Debug|Any CPU
		{8F42A863-0DA5-4826-A7F0-86B4348D728C}.Release|Any CPU.ActiveCfg = Release|Any CPU
		{8F42A863-0DA5-4826-A7F0-86B4348D728C}.Release|Any CPU.Build.0 = Release|Any CPU
		{C5978AD6-94F5-4B7B-AC51-B1840B43071E}.Debug|Any CPU.ActiveCfg = Debug|Any CPU
		{C5978AD6-94F5-4B7B-AC51-B1840B43071E}.Debug|Any CPU.Build.0 = Debug|Any CPU
		{C5978AD6-94F5-4B7B-AC51-B1840B43071E}.Release|Any CPU.ActiveCfg = Release|Any CPU
		{C5978AD6-94F5-4B7B-AC51-B1840B43071E}.Release|Any CPU.Build.0 = Release|Any CPU
		{BCDA8A29-EB50-4166-A6A0-B8686B2735D0}.Debug|Any CPU.ActiveCfg = Debug|Any CPU
		{BCDA8A29-EB50-4166-A6A0-B8686B2735D0}.Debug|Any CPU.Build.0 = Debug|Any CPU
		{BCDA8A29-EB50-4166-A6A0-B8686B2735D0}.Release|Any CPU.ActiveCfg = Release|Any CPU
		{BCDA8A29-EB50-4166-A6A0-B8686B2735D0}.Release|Any CPU.Build.0 = Release|Any CPU
		{047B7CC3-35D3-4CA7-8406-DDFCE1636E17}.Debug|Any CPU.ActiveCfg = Debug|Any CPU
		{047B7CC3-35D3-4CA7-8406-DDFCE1636E17}.Debug|Any CPU.Build.0 = Debug|Any CPU
		{047B7CC3-35D3-4CA7-8406-DDFCE1636E17}.Release|Any CPU.ActiveCfg = Release|Any CPU
		{047B7CC3-35D3-4CA7-8406-DDFCE1636E17}.Release|Any CPU.Build.0 = Release|Any CPU
		{81C2CB73-2BEF-4147-B8D7-FEEA416EDCBE}.Debug|Any CPU.ActiveCfg = Debug|Any CPU
		{81C2CB73-2BEF-4147-B8D7-FEEA416EDCBE}.Debug|Any CPU.Build.0 = Debug|Any CPU
		{81C2CB73-2BEF-4147-B8D7-FEEA416EDCBE}.Release|Any CPU.ActiveCfg = Release|Any CPU
		{81C2CB73-2BEF-4147-B8D7-FEEA416EDCBE}.Release|Any CPU.Build.0 = Release|Any CPU
		{CB87A764-83BA-462B-BE84-E17C8904E72B}.Debug|Any CPU.ActiveCfg = Debug|Any CPU
		{CB87A764-83BA-462B-BE84-E17C8904E72B}.Debug|Any CPU.Build.0 = Debug|Any CPU
		{CB87A764-83BA-462B-BE84-E17C8904E72B}.Release|Any CPU.ActiveCfg = Release|Any CPU
		{CB87A764-83BA-462B-BE84-E17C8904E72B}.Release|Any CPU.Build.0 = Release|Any CPU
		{960EC0F3-1423-437E-998C-9D64FE48FE6B}.Debug|Any CPU.ActiveCfg = Debug|Any CPU
		{960EC0F3-1423-437E-998C-9D64FE48FE6B}.Debug|Any CPU.Build.0 = Debug|Any CPU
		{960EC0F3-1423-437E-998C-9D64FE48FE6B}.Release|Any CPU.ActiveCfg = Release|Any CPU
		{960EC0F3-1423-437E-998C-9D64FE48FE6B}.Release|Any CPU.Build.0 = Release|Any CPU
		{C848DAD3-15CD-4B6A-84F2-B1F060293BEA}.Debug|Any CPU.ActiveCfg = Debug|Any CPU
		{C848DAD3-15CD-4B6A-84F2-B1F060293BEA}.Debug|Any CPU.Build.0 = Debug|Any CPU
		{C848DAD3-15CD-4B6A-84F2-B1F060293BEA}.Release|Any CPU.ActiveCfg = Release|Any CPU
		{C848DAD3-15CD-4B6A-84F2-B1F060293BEA}.Release|Any CPU.Build.0 = Release|Any CPU
		{400F707C-81A7-40F1-AADE-94530F7A78CE}.Debug|Any CPU.ActiveCfg = Debug|Any CPU
		{400F707C-81A7-40F1-AADE-94530F7A78CE}.Debug|Any CPU.Build.0 = Debug|Any CPU
		{400F707C-81A7-40F1-AADE-94530F7A78CE}.Release|Any CPU.ActiveCfg = Release|Any CPU
		{400F707C-81A7-40F1-AADE-94530F7A78CE}.Release|Any CPU.Build.0 = Release|Any CPU
		{4A47B47F-9BD8-451C-96FA-CC4F0AE8D0E5}.Debug|Any CPU.ActiveCfg = Debug|Any CPU
		{4A47B47F-9BD8-451C-96FA-CC4F0AE8D0E5}.Debug|Any CPU.Build.0 = Debug|Any CPU
		{4A47B47F-9BD8-451C-96FA-CC4F0AE8D0E5}.Release|Any CPU.ActiveCfg = Release|Any CPU
		{4A47B47F-9BD8-451C-96FA-CC4F0AE8D0E5}.Release|Any CPU.Build.0 = Release|Any CPU
		{C144AE09-471E-4126-8CC7-9799CF844E2F}.Debug|Any CPU.ActiveCfg = Debug|Any CPU
		{C144AE09-471E-4126-8CC7-9799CF844E2F}.Debug|Any CPU.Build.0 = Debug|Any CPU
		{C144AE09-471E-4126-8CC7-9799CF844E2F}.Release|Any CPU.ActiveCfg = Release|Any CPU
		{C144AE09-471E-4126-8CC7-9799CF844E2F}.Release|Any CPU.Build.0 = Release|Any CPU
	EndGlobalSection
	GlobalSection(SolutionProperties) = preSolution
		HideSolutionNode = FALSE
	EndGlobalSection
	GlobalSection(NestedProjects) = preSolution
		{09F91165-95EC-4873-8369-3FC290205EAF} = {872C4165-A127-45E5-A2D0-6E98BB1D852C}
		{C0EC742A-90AE-4EE6-AE99-34AA7A04DE0E} = {872C4165-A127-45E5-A2D0-6E98BB1D852C}
		{34568DB3-9FB2-439A-B731-3DEA7CA9D02C} = {B9735E69-EA29-4AA5-9502-DF37FEA6512A}
		{6742E863-FFB5-44D5-935F-7170C06CDC5F} = {872C4165-A127-45E5-A2D0-6E98BB1D852C}
		{EE7C5A2C-6368-4118-B06D-2AC05E1DCEB0} = {872C4165-A127-45E5-A2D0-6E98BB1D852C}
		{8FDA7A8D-1690-473F-865A-1B8C33B6E0A0} = {872C4165-A127-45E5-A2D0-6E98BB1D852C}
		{DBA3E239-AECF-49AB-8261-E74F59C8AF93} = {B9735E69-EA29-4AA5-9502-DF37FEA6512A}
		{8F42A863-0DA5-4826-A7F0-86B4348D728C} = {9FCB37A7-4793-4F69-B4DA-DDB0080FE908}
		{C5978AD6-94F5-4B7B-AC51-B1840B43071E} = {9FCB37A7-4793-4F69-B4DA-DDB0080FE908}
		{BCDA8A29-EB50-4166-A6A0-B8686B2735D0} = {E32B4120-287E-46CE-9D7D-C93B79151E1A}
		{047B7CC3-35D3-4CA7-8406-DDFCE1636E17} = {E32B4120-287E-46CE-9D7D-C93B79151E1A}
		{81C2CB73-2BEF-4147-B8D7-FEEA416EDCBE} = {2C0BA23A-4D29-4650-A3F4-07792A115BBC}
		{CB87A764-83BA-462B-BE84-E17C8904E72B} = {2C0BA23A-4D29-4650-A3F4-07792A115BBC}
		{960EC0F3-1423-437E-998C-9D64FE48FE6B} = {B3376E5C-0680-41CA-BFDA-75F6B0369F6A}
		{C848DAD3-15CD-4B6A-84F2-B1F060293BEA} = {B3376E5C-0680-41CA-BFDA-75F6B0369F6A}
		{400F707C-81A7-40F1-AADE-94530F7A78CE} = {872C4165-A127-45E5-A2D0-6E98BB1D852C}
		{4A47B47F-9BD8-451C-96FA-CC4F0AE8D0E5} = {B9735E69-EA29-4AA5-9502-DF37FEA6512A}
		{C144AE09-471E-4126-8CC7-9799CF844E2F} = {9FCB37A7-4793-4F69-B4DA-DDB0080FE908}
	EndGlobalSection
	GlobalSection(ExtensibilityGlobals) = postSolution
		SolutionGuid = {19CA5C8E-91B7-444E-8762-52072047AA84}
	EndGlobalSection
EndGlobal
